<?xml version="1.0" encoding="utf-8"?>
<Project ToolsVersion="4.0" xmlns="http://schemas.microsoft.com/developer/msbuild/2003">
  <ItemGroup>
    <Filter Include="Source Files">
      <UniqueIdentifier>{4FC737F1-C7A5-4376-A066-2A32D752A2FF}</UniqueIdentifier>
      <Extensions>cpp;c;cc;cxx;c++;cppm;ixx;def;odl;idl;hpj;bat;asm;asmx</Extensions>
    </Filter>
    <Filter Include="Header Files">
      <UniqueIdentifier>{93995380-89BD-4b04-88EB-625FBE52EBFB}</UniqueIdentifier>
      <Extensions>h;hh;hpp;hxx;h++;hm;inl;inc;ipp;xsd</Extensions>
    </Filter>
    <Filter Include="Resource Files">
      <UniqueIdentifier>{67DA6AB6-F800-4c08-8B7A-83BB121AAD01}</UniqueIdentifier>
      <Extensions>rc;ico;cur;bmp;dlg;rc2;rct;bin;rgs;gif;jpg;jpeg;jpe;resx;tiff;tif;png;wav;mfcribbon-ms</Extensions>
    </Filter>
    <Filter Include="Assets">
      <UniqueIdentifier>{a089883c-2d91-4655-a997-60b5de5e5da4}</UniqueIdentifier>
    </Filter>
    <Filter Include="Game">
      <UniqueIdentifier>{a0daf18d-7b5e-4f88-b99f-690d59f10250}</UniqueIdentifier>
    </Filter>
    <Filter Include="ThirdParty">
      <UniqueIdentifier>{32a0e453-8856-46b3-93b2-8440d866448d}</UniqueIdentifier>
    </Filter>
    <Filter Include="Temp">
      <UniqueIdentifier>{cb381afc-b80e-49a3-adcf-af353e40836a}</UniqueIdentifier>
    </Filter>
    <Filter Include="Header Files\Factories">
      <UniqueIdentifier>{f734944e-a8f4-4059-90a5-e02a044fc516}</UniqueIdentifier>
    </Filter>
    <Filter Include="Source Files\Factories">
      <UniqueIdentifier>{dc189a01-fd7c-45bb-9303-79bf03b0fb8f}</UniqueIdentifier>
    </Filter>
    <Filter Include="Source Files\Objects">
      <UniqueIdentifier>{3b192704-c52b-4efe-9a4c-aa546ef910b1}</UniqueIdentifier>
    </Filter>
    <Filter Include="Header Files\Objects">
      <UniqueIdentifier>{2b258ba2-1641-4924-825b-2c6ec00e747f}</UniqueIdentifier>
    </Filter>
    <Filter Include="Source Files\Components">
      <UniqueIdentifier>{0356963b-5433-4c87-859b-b02d75dad76c}</UniqueIdentifier>
    </Filter>
    <Filter Include="Header Files\Components">
      <UniqueIdentifier>{09425b07-00a7-4d94-a992-081798526270}</UniqueIdentifier>
    </Filter>
    <Filter Include="Header Files\General">
      <UniqueIdentifier>{2392319b-2b99-440c-abc4-1888c3596479}</UniqueIdentifier>
    </Filter>
    <Filter Include="Source Files\AI">
      <UniqueIdentifier>{16f96fb0-02ec-447f-af30-b9ab762d173a}</UniqueIdentifier>
    </Filter>
    <Filter Include="Header Files\AI">
      <UniqueIdentifier>{a62ee31a-d4ea-4d26-b3e2-62a7fba3d8e6}</UniqueIdentifier>
    </Filter>
    <Filter Include="Header Files\AI\Leafs">
      <UniqueIdentifier>{c31009c0-0942-462e-bfd1-e00816adb4af}</UniqueIdentifier>
    </Filter>
    <Filter Include="Source Files\AI\Leafs">
      <UniqueIdentifier>{57cc3ec2-24ad-43e6-adc4-904b27157d7a}</UniqueIdentifier>
    </Filter>
  </ItemGroup>
  <ItemGroup>
    <ClCompile Include="Source\GraphicsDevice.cpp">
      <Filter>Source Files</Filter>
    </ClCompile>
    <ClCompile Include="Source\InputDevice.cpp">
      <Filter>Source Files</Filter>
    </ClCompile>
    <ClCompile Include="Source\Library.cpp">
      <Filter>Source Files</Filter>
    </ClCompile>
    <ClCompile Include="Source\main.cpp">
      <Filter>Source Files</Filter>
    </ClCompile>
    <ClCompile Include="Source\pch.cpp">
      <Filter>Source Files</Filter>
    </ClCompile>
    <ClCompile Include="Source\Texture.cpp">
      <Filter>Source Files</Filter>
    </ClCompile>
    <ClCompile Include="Source\Timer.cpp">
      <Filter>Source Files</Filter>
    </ClCompile>
    <ClCompile Include="Source\View.cpp">
      <Filter>Source Files</Filter>
    </ClCompile>
    <ClCompile Include="Thirdparty\xml\tinyxml2.cpp">
      <Filter>Source Files</Filter>
    </ClCompile>
    <ClCompile Include="Source\BodyComponent.cpp">
      <Filter>Source Files\Components</Filter>
    </ClCompile>
    <ClCompile Include="Source\Object.cpp">
      <Filter>Source Files\Objects</Filter>
    </ClCompile>
    <ClCompile Include="Source\SpriteComponent.cpp">
      <Filter>Source Files\Components</Filter>
    </ClCompile>
    <ClCompile Include="Source\InputComponent.cpp">
      <Filter>Source Files\Components</Filter>
    </ClCompile>
    <ClCompile Include="Source\ObjectFactory.cpp">
      <Filter>Source Files\Factories</Filter>
    </ClCompile>
    <ClCompile Include="Source\Component.cpp">
      <Filter>Source Files\Components</Filter>
    </ClCompile>
    <ClCompile Include="Source\EnemySpawnerComponent.cpp">
      <Filter>Source Files\Components</Filter>
    </ClCompile>
    <ClCompile Include="Source\Engine.cpp">
      <Filter>Source Files</Filter>
    </ClCompile>
    <ClCompile Include="Source\enemyMovement.cpp">
      <Filter>Source Files\Components</Filter>
    </ClCompile>
    <ClCompile Include="Source\PhysicsComponent.cpp">
      <Filter>Source Files\Components</Filter>
    </ClCompile>
    <ClCompile Include="Source\PhysicsDevice.cpp">
      <Filter>Source Files</Filter>
    </ClCompile>
    <ClCompile Include="Source\ContactListener.cpp">
      <Filter>Header Files</Filter>
    </ClCompile>
    <ClCompile Include="Source\Map.cpp">
      <Filter>Source Files</Filter>
    </ClCompile>
    <ClCompile Include="Source\Blackboard.cpp">
      <Filter>Source Files\AI</Filter>
    </ClCompile>
    <ClCompile Include="Source\BranchTask.cpp">
      <Filter>Source Files\AI</Filter>
    </ClCompile>
    <ClCompile Include="Source\LeafTask.cpp">
      <Filter>Source Files\AI</Filter>
    </ClCompile>
    <ClCompile Include="Source\Task.cpp">
      <Filter>Source Files\AI</Filter>
    </ClCompile>
    <ClCompile Include="Source\Selector.cpp">
      <Filter>Source Files\AI</Filter>
    </ClCompile>
    <ClCompile Include="Source\Sequence.cpp">
      <Filter>Source Files\AI</Filter>
    </ClCompile>
    <ClCompile Include="Source\BehaviorTree.cpp">
      <Filter>Source Files\AI</Filter>
    </ClCompile>
    <ClCompile Include="Source\NPC.cpp">
      <Filter>Source Files\Components</Filter>
    </ClCompile>
    <ClCompile Include="Source\facePlayer.cpp">
      <Filter>Source Files\AI\Leafs</Filter>
    </ClCompile>
    <ClCompile Include="Source\enemyVisible.cpp">
      <Filter>Source Files\AI\Leafs</Filter>
    </ClCompile>
    <ClCompile Include="Source\healPlayer.cpp">
      <Filter>Source Files\AI\Leafs</Filter>
    </ClCompile>
    <ClCompile Include="Source\attackPlayer.cpp">
      <Filter>Source Files\AI\Leafs</Filter>
    </ClCompile>
    <ClCompile Include="Source\AttributeComponent.cpp">
      <Filter>Source Files\Components</Filter>
    </ClCompile>
    <ClCompile Include="Source\roaming.cpp">
      <Filter>Source Files\AI\Leafs</Filter>
    </ClCompile>
    <ClCompile Include="Source\CombatComponent.cpp">
      <Filter>Source Files\Components</Filter>
    </ClCompile>
    <ClCompile Include="Source\AudioDevice.cpp">
      <Filter>Source Files</Filter>
    </ClCompile>
    <ClCompile Include="Source\EngineData.cpp">
      <Filter>Source Files</Filter>
    </ClCompile>
    <ClCompile Include="Source\jumpPlayer.cpp">
      <Filter>Source Files\AI\Leafs</Filter>
    </ClCompile>
    <ClCompile Include="Source\TextDevice.cpp">
      <Filter>Source Files</Filter>
    </ClCompile>
    <ClCompile Include="Source\TextTag.cpp">
      <Filter>Source Files</Filter>
    </ClCompile>
    <ClCompile Include="Source\PlayerGui.cpp">
      <Filter>Source Files</Filter>
    </ClCompile>
    <ClCompile Include="Source\enemyGui.cpp">
      <Filter>Source Files\Components</Filter>
    </ClCompile>
    <ClCompile Include="Source\Rectangle.cpp">
      <Filter>Source Files</Filter>
    </ClCompile>
  </ItemGroup>
  <ItemGroup>
    <ClInclude Include="Source\pch.h">
      <Filter>Header Files</Filter>
    </ClInclude>
    <ClInclude Include="Source\resource.h">
      <Filter>Header Files</Filter>
    </ClInclude>
    <ClInclude Include="Thirdparty\xml\tinyxml2.h">
      <Filter>Header Files</Filter>
    </ClInclude>
    <ClInclude Include="Source\BodyComponent.h">
      <Filter>Header Files\Components</Filter>
    </ClInclude>
    <ClInclude Include="Source\InputComponent.h">
      <Filter>Header Files\Components</Filter>
    </ClInclude>
    <ClInclude Include="Source\SpriteComponent.h">
      <Filter>Header Files\Components</Filter>
    </ClInclude>
    <ClInclude Include="Source\Object.h">
      <Filter>Header Files\Objects</Filter>
    </ClInclude>
    <ClInclude Include="Source\Engine.h">
      <Filter>Header Files\General</Filter>
    </ClInclude>
    <ClInclude Include="Source\GraphicsDevice.h">
      <Filter>Header Files\General</Filter>
    </ClInclude>
    <ClInclude Include="Source\InputDevice.h">
      <Filter>Header Files\General</Filter>
    </ClInclude>
    <ClInclude Include="Source\Library.h">
      <Filter>Header Files\General</Filter>
    </ClInclude>
    <ClInclude Include="Source\ObjectFactory.h">
      <Filter>Header Files\Factories</Filter>
    </ClInclude>
    <ClInclude Include="Source\View.h">
      <Filter>Header Files\General</Filter>
    </ClInclude>
    <ClInclude Include="Source\Timer.h">
      <Filter>Header Files\General</Filter>
    </ClInclude>
    <ClInclude Include="Source\Texture.h">
      <Filter>Header Files\General</Filter>
    </ClInclude>
    <ClInclude Include="Source\Component.h">
      <Filter>Header Files\Components</Filter>
    </ClInclude>
    <ClInclude Include="Source\EnemySpawnerComponent.h">
      <Filter>Header Files\Components</Filter>
    </ClInclude>
    <ClInclude Include="Source\presets.h">
      <Filter>Header Files\Factories</Filter>
    </ClInclude>
    <ClInclude Include="Source\enemyMovement.h">
      <Filter>Header Files\Components</Filter>
    </ClInclude>
    <ClInclude Include="Source\PhysicsDevice.h">
      <Filter>Header Files\General</Filter>
    </ClInclude>
    <ClInclude Include="Source\Constants.h">
      <Filter>Header Files\Components</Filter>
    </ClInclude>
    <ClInclude Include="Source\PhysicsComponent.h">
      <Filter>Header Files\Components</Filter>
    </ClInclude>
    <ClInclude Include="Source\ContactListener.h">
      <Filter>Header Files</Filter>
    </ClInclude>
    <ClInclude Include="Source\Map.h">
      <Filter>Header Files</Filter>
    </ClInclude>
    <ClInclude Include="Source\BehaviorTree.h">
      <Filter>Header Files\AI</Filter>
    </ClInclude>
    <ClInclude Include="Source\Blackboard.h">
      <Filter>Header Files\AI</Filter>
    </ClInclude>
    <ClInclude Include="Source\BranchTask.h">
      <Filter>Header Files\AI</Filter>
    </ClInclude>
    <ClInclude Include="Source\NPC.h">
      <Filter>Header Files\Components</Filter>
    </ClInclude>
    <ClInclude Include="Source\Task.h">
      <Filter>Header Files\AI</Filter>
    </ClInclude>
    <ClInclude Include="Source\Selector.h">
      <Filter>Header Files\AI</Filter>
    </ClInclude>
    <ClInclude Include="Source\LeafTask.h">
      <Filter>Header Files\AI</Filter>
    </ClInclude>
    <ClInclude Include="Source\Sequence.h">
      <Filter>Header Files\AI</Filter>
    </ClInclude>
    <ClInclude Include="Source\facePlayer.h">
      <Filter>Header Files\AI\Leafs</Filter>
    </ClInclude>
    <ClInclude Include="Source\LeafList.h">
      <Filter>Header Files\AI\Leafs</Filter>
    </ClInclude>
    <ClInclude Include="Source\enemyVisible.h">
      <Filter>Header Files\AI\Leafs</Filter>
    </ClInclude>
    <ClInclude Include="Source\healPlayer.h">
      <Filter>Header Files\AI\Leafs</Filter>
    </ClInclude>
    <ClInclude Include="Source\attackPlayer.h">
      <Filter>Header Files\AI\Leafs</Filter>
    </ClInclude>
    <ClInclude Include="Source\AttributeComponent.h">
      <Filter>Header Files\Components</Filter>
    </ClInclude>
    <ClInclude Include="resource.h">
      <Filter>Header Files</Filter>
    </ClInclude>
    <ClInclude Include="Source\roaming.h">
      <Filter>Header Files\AI\Leafs</Filter>
    </ClInclude>
    <ClInclude Include="Source\CombatComponent.h">
      <Filter>Header Files\Components</Filter>
    </ClInclude>
    <ClInclude Include="Source\EngineData.h">
      <Filter>Header Files</Filter>
    </ClInclude>
    <ClInclude Include="Source\jumpPlayer.h">
      <Filter>Header Files\AI\Leafs</Filter>
    </ClInclude>
    <ClInclude Include="Source\TextDevice.h">
      <Filter>Header Files\General</Filter>
    </ClInclude>
    <ClInclude Include="Source\TextTag.h">
      <Filter>Header Files</Filter>
    </ClInclude>
    <ClInclude Include="Source\enemyGui.h">
      <Filter>Header Files\Components</Filter>
    </ClInclude>
    <ClInclude Include="Source\PlayerGui.h">
      <Filter>Header Files\General</Filter>
    </ClInclude>
    <ClInclude Include="Source\Rectangle.h">
      <Filter>Header Files</Filter>
    </ClInclude>
    <ClInclude Include="Source\AudioDevice.h">
      <Filter>Header Files\General</Filter>
    </ClInclude>
  </ItemGroup>
  <ItemGroup>
    <Xml Include="Assets\spritesheets.xml">
      <Filter>Assets</Filter>
    </Xml>
    <Xml Include="Assets\Test.xml">
      <Filter>Assets</Filter>
    </Xml>
    <Xml Include="Assets\map.xml">
      <Filter>Assets</Filter>
    </Xml>
    <Xml Include="Assets\map_2.xml">
      <Filter>Assets</Filter>
    </Xml>
    <Xml Include="audioPaths.xml" />
    <Xml Include="Assets\audioPaths.xml">
      <Filter>Assets</Filter>
    </Xml>
    <Xml Include="Assets\Fonts.xml">
      <Filter>Assets</Filter>
    </Xml>
  </ItemGroup>
  <ItemGroup>
    <ResourceCompile Include="IntroToGame1.rc">
      <Filter>Resource Files</Filter>
    </ResourceCompile>
  </ItemGroup>
</Project>